
Microsoft Visual Studio Solution File, Format Version 12.00
# Visual Studio 14
VisualStudioVersion = 14.0.25123.0
MinimumVisualStudioVersion = 10.0.40219.1
Project("{FAE04EC0-301F-11D3-BF4B-00C04F79EFBC}") = "ServerConsole", "Server\ServerConsole.csproj", "{38AE5537-34DF-44BA-ACFF-576EA28AE78E}"
EndProject
Project("{FAE04EC0-301F-11D3-BF4B-00C04F79EFBC}") = "ClientChat", "ClientChat\ClientChat.csproj", "{5D60F82B-504F-4FB0-8010-FEB39E7E5D3A}"
EndProject
Global
	GlobalSection(SolutionConfigurationPlatforms) = preSolution
		Debug|Any CPU = Debug|Any CPU
		Release|Any CPU = Release|Any CPU
	EndGlobalSection
	GlobalSection(ProjectConfigurationPlatforms) = postSolution
		{38AE5537-34DF-44BA-ACFF-576EA28AE78E}.Debug|Any CPU.ActiveCfg = Debug|Any CPU
		{38AE5537-34DF-44BA-ACFF-576EA28AE78E}.Debug|Any CPU.Build.0 = Debug|Any CPU
		{38AE5537-34DF-44BA-ACFF-576EA28AE78E}.Release|Any CPU.ActiveCfg = Release|Any CPU
		{38AE5537-34DF-44BA-ACFF-576EA28AE78E}.Release|Any CPU.Build.0 = Release|Any CPU
		{5D60F82B-504F-4FB0-8010-FEB39E7E5D3A}.Debug|Any CPU.ActiveCfg = Debug|Any CPU
		{5D60F82B-504F-4FB0-8010-FEB39E7E5D3A}.Debug|Any CPU.Build.0 = Debug|Any CPU
		{5D60F82B-504F-4FB0-8010-FEB39E7E5D3A}.Release|Any CPU.ActiveCfg = Release|Any CPU
		{5D60F82B-504F-4FB0-8010-FEB39E7E5D3A}.Release|Any CPU.Build.0 = Release|Any CPU
	EndGlobalSection
	GlobalSection(SolutionProperties) = preSolution
		HideSolutionNode = FALSE
	EndGlobalSection
EndGlobal
