
Microsoft Visual Studio Solution File, Format Version 12.00
# Visual Studio 15
VisualStudioVersion = 15.0.26730.12
MinimumVisualStudioVersion = 10.0.40219.1
Project("{FAE04EC0-301F-11D3-BF4B-00C04F79EFBC}") = "Server", "Server\Server.csproj", "{3744677D-8985-43B0-B205-4ECDF128D175}"
EndProject
Project("{FAE04EC0-301F-11D3-BF4B-00C04F79EFBC}") = "Client", "Client\Client.csproj", "{5F328600-7246-4F2B-850D-1F9B077D295F}"
EndProject
Global
	GlobalSection(SolutionConfigurationPlatforms) = preSolution
		Debug|Any CPU = Debug|Any CPU
		Release|Any CPU = Release|Any CPU
	EndGlobalSection
	GlobalSection(ProjectConfigurationPlatforms) = postSolution
		{3744677D-8985-43B0-B205-4ECDF128D175}.Debug|Any CPU.ActiveCfg = Debug|Any CPU
		{3744677D-8985-43B0-B205-4ECDF128D175}.Debug|Any CPU.Build.0 = Debug|Any CPU
		{3744677D-8985-43B0-B205-4ECDF128D175}.Release|Any CPU.ActiveCfg = Release|Any CPU
		{3744677D-8985-43B0-B205-4ECDF128D175}.Release|Any CPU.Build.0 = Release|Any CPU
		{5F328600-7246-4F2B-850D-1F9B077D295F}.Debug|Any CPU.ActiveCfg = Debug|Any CPU
		{5F328600-7246-4F2B-850D-1F9B077D295F}.Debug|Any CPU.Build.0 = Debug|Any CPU
		{5F328600-7246-4F2B-850D-1F9B077D295F}.Release|Any CPU.ActiveCfg = Release|Any CPU
		{5F328600-7246-4F2B-850D-1F9B077D295F}.Release|Any CPU.Build.0 = Release|Any CPU
	EndGlobalSection
	GlobalSection(SolutionProperties) = preSolution
		HideSolutionNode = FALSE
	EndGlobalSection
	GlobalSection(ExtensibilityGlobals) = postSolution
		SolutionGuid = {57B42389-5FCF-41D7-B15C-8670E63223F0}
	EndGlobalSection
EndGlobal
