
Microsoft Visual Studio Solution File, Format Version 12.00
# Visual Studio 14
VisualStudioVersion = 14.0.24720.0
MinimumVisualStudioVersion = 10.0.40219.1
Project("{FAE04EC0-301F-11D3-BF4B-00C04F79EFBC}") = "AsyncServer", "AsyncServer\AsyncServer.csproj", "{92600A10-64E4-4AD5-BE23-8DA9D7644AC0}"
EndProject
Project("{FAE04EC0-301F-11D3-BF4B-00C04F79EFBC}") = "DateTimeClient", "DateTimeClient\DateTimeClient.csproj", "{BF498E17-A846-40C9-8193-6FC29B8D4B8C}"
EndProject
Global
	GlobalSection(SolutionConfigurationPlatforms) = preSolution
		Debug|Any CPU = Debug|Any CPU
		Release|Any CPU = Release|Any CPU
	EndGlobalSection
	GlobalSection(ProjectConfigurationPlatforms) = postSolution
		{92600A10-64E4-4AD5-BE23-8DA9D7644AC0}.Debug|Any CPU.ActiveCfg = Debug|Any CPU
		{92600A10-64E4-4AD5-BE23-8DA9D7644AC0}.Debug|Any CPU.Build.0 = Debug|Any CPU
		{92600A10-64E4-4AD5-BE23-8DA9D7644AC0}.Release|Any CPU.ActiveCfg = Release|Any CPU
		{92600A10-64E4-4AD5-BE23-8DA9D7644AC0}.Release|Any CPU.Build.0 = Release|Any CPU
		{BF498E17-A846-40C9-8193-6FC29B8D4B8C}.Debug|Any CPU.ActiveCfg = Debug|Any CPU
		{BF498E17-A846-40C9-8193-6FC29B8D4B8C}.Debug|Any CPU.Build.0 = Debug|Any CPU
		{BF498E17-A846-40C9-8193-6FC29B8D4B8C}.Release|Any CPU.ActiveCfg = Release|Any CPU
		{BF498E17-A846-40C9-8193-6FC29B8D4B8C}.Release|Any CPU.Build.0 = Release|Any CPU
	EndGlobalSection
	GlobalSection(SolutionProperties) = preSolution
		HideSolutionNode = FALSE
	EndGlobalSection
EndGlobal
