
Microsoft Visual Studio Solution File, Format Version 12.00
# Visual Studio 15
VisualStudioVersion = 15.0.26730.12
MinimumVisualStudioVersion = 10.0.40219.1
Project("{FAE04EC0-301F-11D3-BF4B-00C04F79EFBC}") = "Server", "Server\Server.csproj", "{3CAD17D1-48CE-4B6B-9F17-BB0209C89662}"
EndProject
Project("{FAE04EC0-301F-11D3-BF4B-00C04F79EFBC}") = "Client", "Client\Client.csproj", "{E779EF54-6E28-488A-9898-A2A85DFA6597}"
EndProject
Global
	GlobalSection(SolutionConfigurationPlatforms) = preSolution
		Debug|Any CPU = Debug|Any CPU
		Release|Any CPU = Release|Any CPU
	EndGlobalSection
	GlobalSection(ProjectConfigurationPlatforms) = postSolution
		{3CAD17D1-48CE-4B6B-9F17-BB0209C89662}.Debug|Any CPU.ActiveCfg = Debug|Any CPU
		{3CAD17D1-48CE-4B6B-9F17-BB0209C89662}.Debug|Any CPU.Build.0 = Debug|Any CPU
		{3CAD17D1-48CE-4B6B-9F17-BB0209C89662}.Release|Any CPU.ActiveCfg = Release|Any CPU
		{3CAD17D1-48CE-4B6B-9F17-BB0209C89662}.Release|Any CPU.Build.0 = Release|Any CPU
		{E779EF54-6E28-488A-9898-A2A85DFA6597}.Debug|Any CPU.ActiveCfg = Debug|Any CPU
		{E779EF54-6E28-488A-9898-A2A85DFA6597}.Debug|Any CPU.Build.0 = Debug|Any CPU
		{E779EF54-6E28-488A-9898-A2A85DFA6597}.Release|Any CPU.ActiveCfg = Release|Any CPU
		{E779EF54-6E28-488A-9898-A2A85DFA6597}.Release|Any CPU.Build.0 = Release|Any CPU
	EndGlobalSection
	GlobalSection(SolutionProperties) = preSolution
		HideSolutionNode = FALSE
	EndGlobalSection
	GlobalSection(ExtensibilityGlobals) = postSolution
		SolutionGuid = {C5E75667-33A0-4B30-8F3A-BD23A34C4F72}
	EndGlobalSection
EndGlobal
